// !$*UTF8*$!
{
	archiveVersion = 1;
	classes = {
	};
	objectVersion = 46;
	objects = {

/* Begin PBXBuildFile section */
		563C16E7186C98C100288932 /* UIKit.framework in Frameworks */ = {isa = PBXBuildFile; fileRef = 563C16E6186C98C100288932 /* UIKit.framework */; };
		563C16E9186C98C100288932 /* Foundation.framework in Frameworks */ = {isa = PBXBuildFile; fileRef = 563C16E8186C98C100288932 /* Foundation.framework */; };
		563C16EB186C98C100288932 /* CoreGraphics.framework in Frameworks */ = {isa = PBXBuildFile; fileRef = 563C16EA186C98C100288932 /* CoreGraphics.framework */; };
		563C16F1186C98C100288932 /* InfoPlist.strings in Resources */ = {isa = PBXBuildFile; fileRef = 563C16EF186C98C100288932 /* InfoPlist.strings */; };
		563C16F3186C98C100288932 /* main.m in Sources */ = {isa = PBXBuildFile; fileRef = 563C16F2186C98C100288932 /* main.m */; };
		563C16F7186C98C100288932 /* SunAppDelegate.m in Sources */ = {isa = PBXBuildFile; fileRef = 563C16F6186C98C100288932 /* SunAppDelegate.m */; };
		563C16F9186C98C100288932 /* Default.png in Resources */ = {isa = PBXBuildFile; fileRef = 563C16F8186C98C100288932 /* Default.png */; };
		563C16FB186C98C100288932 /* Default@2x.png in Resources */ = {isa = PBXBuildFile; fileRef = 563C16FA186C98C100288932 /* Default@2x.png */; };
		563C16FD186C98C100288932 /* Default-568h@2x.png in Resources */ = {isa = PBXBuildFile; fileRef = 563C16FC186C98C100288932 /* Default-568h@2x.png */; };
		563C1700186C98C100288932 /* MainStoryboard_iPhone.storyboard in Resources */ = {isa = PBXBuildFile; fileRef = 563C16FE186C98C100288932 /* MainStoryboard_iPhone.storyboard */; };
		563C1703186C98C100288932 /* MainStoryboard_iPad.storyboard in Resources */ = {isa = PBXBuildFile; fileRef = 563C1701186C98C100288932 /* MainStoryboard_iPad.storyboard */; };
		563C1706186C98C100288932 /* SunViewController.m in Sources */ = {isa = PBXBuildFile; fileRef = 563C1705186C98C100288932 /* SunViewController.m */; };
		563C170E186C98C200288932 /* SenTestingKit.framework in Frameworks */ = {isa = PBXBuildFile; fileRef = 563C170D186C98C200288932 /* SenTestingKit.framework */; };
		563C170F186C98C200288932 /* UIKit.framework in Frameworks */ = {isa = PBXBuildFile; fileRef = 563C16E6186C98C100288932 /* UIKit.framework */; };
		563C1710186C98C200288932 /* Foundation.framework in Frameworks */ = {isa = PBXBuildFile; fileRef = 563C16E8186C98C100288932 /* Foundation.framework */; };
		563C1718186C98C200288932 /* InfoPlist.strings in Resources */ = {isa = PBXBuildFile; fileRef = 563C1716186C98C200288932 /* InfoPlist.strings */; };
		563C171B186C98C200288932 /* TestTests.m in Sources */ = {isa = PBXBuildFile; fileRef = 563C171A186C98C200288932 /* TestTests.m */; };
/* End PBXBuildFile section */

/* Begin PBXContainerItemProxy section */
		563C1711186C98C200288932 /* PBXContainerItemProxy */ = {
			isa = PBXContainerItemProxy;
			containerPortal = 563C16DB186C98C100288932 /* Project object */;
			proxyType = 1;
			remoteGlobalIDString = 563C16E2186C98C100288932;
			remoteInfo = Test;
		};
/* End PBXContainerItemProxy section */

/* Begin PBXFileReference section */
		563C16E3186C98C100288932 /* Test.app */ = {isa = PBXFileReference; explicitFileType = wrapper.application; includeInIndex = 0; path = Test.app; sourceTree = BUILT_PRODUCTS_DIR; };
		563C16E6186C98C100288932 /* UIKit.framework */ = {isa = PBXFileReference; lastKnownFileType = wrapper.framework; name = UIKit.framework; path = System/Library/Frameworks/UIKit.framework; sourceTree = SDKROOT; };
		563C16E8186C98C100288932 /* Foundation.framework */ = {isa = PBXFileReference; lastKnownFileType = wrapper.framework; name = Foundation.framework; path = System/Library/Frameworks/Foundation.framework; sourceTree = SDKROOT; };
		563C16EA186C98C100288932 /* CoreGraphics.framework */ = {isa = PBXFileReference; lastKnownFileType = wrapper.framework; name = CoreGraphics.framework; path = System/Library/Frameworks/CoreGraphics.framework; sourceTree = SDKROOT; };
		563C16EE186C98C100288932 /* Test-Info.plist */ = {isa = PBXFileReference; lastKnownFileType = text.plist.xml; path = "Test-Info.plist"; sourceTree = "<group>"; };
		563C16F0186C98C100288932 /* en */ = {isa = PBXFileReference; lastKnownFileType = text.plist.strings; name = en; path = en.lproj/InfoPlist.strings; sourceTree = "<group>"; };
		563C16F2186C98C100288932 /* main.m */ = {isa = PBXFileReference; lastKnownFileType = sourcecode.c.objc; path = main.m; sourceTree = "<group>"; };
		563C16F4186C98C100288932 /* Test-Prefix.pch */ = {isa = PBXFileReference; lastKnownFileType = sourcecode.c.h; path = "Test-Prefix.pch"; sourceTree = "<group>"; };
		563C16F5186C98C100288932 /* SunAppDelegate.h */ = {isa = PBXFileReference; lastKnownFileType = sourcecode.c.h; path = SunAppDelegate.h; sourceTree = "<group>"; };
		563C16F6186C98C100288932 /* SunAppDelegate.m */ = {isa = PBXFileReference; lastKnownFileType = sourcecode.c.objc; path = SunAppDelegate.m; sourceTree = "<group>"; };
		563C16F8186C98C100288932 /* Default.png */ = {isa = PBXFileReference; lastKnownFileType = image.png; path = Default.png; sourceTree = "<group>"; };
		563C16FA186C98C100288932 /* Default@2x.png */ = {isa = PBXFileReference; lastKnownFileType = image.png; path = "Default@2x.png"; sourceTree = "<group>"; };
		563C16FC186C98C100288932 /* Default-568h@2x.png */ = {isa = PBXFileReference; lastKnownFileType = image.png; path = "Default-568h@2x.png"; sourceTree = "<group>"; };
		563C16FF186C98C100288932 /* en */ = {isa = PBXFileReference; lastKnownFileType = file.storyboard; name = en; path = en.lproj/MainStoryboard_iPhone.storyboard; sourceTree = "<group>"; };
		563C1702186C98C100288932 /* en */ = {isa = PBXFileReference; lastKnownFileType = file.storyboard; name = en; path = en.lproj/MainStoryboard_iPad.storyboard; sourceTree = "<group>"; };
		563C1704186C98C100288932 /* SunViewController.h */ = {isa = PBXFileReference; lastKnownFileType = sourcecode.c.h; path = SunViewController.h; sourceTree = "<group>"; };
		563C1705186C98C100288932 /* SunViewController.m */ = {isa = PBXFileReference; lastKnownFileType = sourcecode.c.objc; path = SunViewController.m; sourceTree = "<group>"; };
		563C170C186C98C200288932 /* TestTests.octest */ = {isa = PBXFileReference; explicitFileType = wrapper.cfbundle; includeInIndex = 0; path = TestTests.octest; sourceTree = BUILT_PRODUCTS_DIR; };
		563C170D186C98C200288932 /* SenTestingKit.framework */ = {isa = PBXFileReference; lastKnownFileType = wrapper.framework; name = SenTestingKit.framework; path = Library/Frameworks/SenTestingKit.framework; sourceTree = DEVELOPER_DIR; };
		563C1715186C98C200288932 /* TestTests-Info.plist */ = {isa = PBXFileReference; lastKnownFileType = text.plist.xml; path = "TestTests-Info.plist"; sourceTree = "<group>"; };
		563C1717186C98C200288932 /* en */ = {isa = PBXFileReference; lastKnownFileType = text.plist.strings; name = en; path = en.lproj/InfoPlist.strings; sourceTree = "<group>"; };
		563C1719186C98C200288932 /* TestTests.h */ = {isa = PBXFileReference; lastKnownFileType = sourcecode.c.h; path = TestTests.h; sourceTree = "<group>"; };
		563C171A186C98C200288932 /* TestTests.m */ = {isa = PBXFileReference; lastKnownFileType = sourcecode.c.objc; path = TestTests.m; sourceTree = "<group>"; };
/* End PBXFileReference section */

/* Begin PBXFrameworksBuildPhase section */
		563C16E0186C98C100288932 /* Frameworks */ = {
			isa = PBXFrameworksBuildPhase;
			buildActionMask = 2147483647;
			files = (
				563C16E7186C98C100288932 /* UIKit.framework in Frameworks */,
				563C16E9186C98C100288932 /* Foundation.framework in Frameworks */,
				563C16EB186C98C100288932 /* CoreGraphics.framework in Frameworks */,
			);
			runOnlyForDeploymentPostprocessing = 0;
		};
		563C1708186C98C200288932 /* Frameworks */ = {
			isa = PBXFrameworksBuildPhase;
			buildActionMask = 2147483647;
			files = (
				563C170E186C98C200288932 /* SenTestingKit.framework in Frameworks */,
				563C170F186C98C200288932 /* UIKit.framework in Frameworks */,
				563C1710186C98C200288932 /* Foundation.framework in Frameworks */,
			);
			runOnlyForDeploymentPostprocessing = 0;
		};
/* End PBXFrameworksBuildPhase section */

/* Begin PBXGroup section */
		563C16DA186C98C100288932 = {
			isa = PBXGroup;
			children = (
				563C16EC186C98C100288932 /* Test */,
				563C1713186C98C200288932 /* TestTests */,
				563C16E5186C98C100288932 /* Frameworks */,
				563C16E4186C98C100288932 /* Products */,
			);
			sourceTree = "<group>";
		};
		563C16E4186C98C100288932 /* Products */ = {
			isa = PBXGroup;
			children = (
				563C16E3186C98C100288932 /* Test.app */,
				563C170C186C98C200288932 /* TestTests.octest */,
			);
			name = Products;
			sourceTree = "<group>";
		};
		563C16E5186C98C100288932 /* Frameworks */ = {
			isa = PBXGroup;
			children = (
				563C16E6186C98C100288932 /* UIKit.framework */,
				563C16E8186C98C100288932 /* Foundation.framework */,
				563C16EA186C98C100288932 /* CoreGraphics.framework */,
				563C170D186C98C200288932 /* SenTestingKit.framework */,
			);
			name = Frameworks;
			sourceTree = "<group>";
		};
		563C16EC186C98C100288932 /* Test */ = {
			isa = PBXGroup;
			children = (
				563C16F5186C98C100288932 /* SunAppDelegate.h */,
				563C16F6186C98C100288932 /* SunAppDelegate.m */,
				563C16FE186C98C100288932 /* MainStoryboard_iPhone.storyboard */,
				563C1701186C98C100288932 /* MainStoryboard_iPad.storyboard */,
				563C1704186C98C100288932 /* SunViewController.h */,
				563C1705186C98C100288932 /* SunViewController.m */,
				563C16ED186C98C100288932 /* Supporting Files */,
			);
			path = Test;
			sourceTree = "<group>";
		};
		563C16ED186C98C100288932 /* Supporting Files */ = {
			isa = PBXGroup;
			children = (
				563C16EE186C98C100288932 /* Test-Info.plist */,
				563C16EF186C98C100288932 /* InfoPlist.strings */,
				563C16F2186C98C100288932 /* main.m */,
				563C16F4186C98C100288932 /* Test-Prefix.pch */,
				563C16F8186C98C100288932 /* Default.png */,
				563C16FA186C98C100288932 /* Default@2x.png */,
				563C16FC186C98C100288932 /* Default-568h@2x.png */,
			);
			name = "Supporting Files";
			sourceTree = "<group>";
		};
		563C1713186C98C200288932 /* TestTests */ = {
			isa = PBXGroup;
			children = (
				563C1719186C98C200288932 /* TestTests.h */,
				563C171A186C98C200288932 /* TestTests.m */,
				563C1714186C98C200288932 /* Supporting Files */,
			);
			path = TestTests;
			sourceTree = "<group>";
		};
		563C1714186C98C200288932 /* Supporting Files */ = {
			isa = PBXGroup;
			children = (
				563C1715186C98C200288932 /* TestTests-Info.plist */,
				563C1716186C98C200288932 /* InfoPlist.strings */,
			);
			name = "Supporting Files";
			sourceTree = "<group>";
		};
/* End PBXGroup section */

/* Begin PBXNativeTarget section */
		563C16E2186C98C100288932 /* Test */ = {
			isa = PBXNativeTarget;
			buildConfigurationList = 563C171E186C98C200288932 /* Build configuration list for PBXNativeTarget "Test" */;
			buildPhases = (
				563C16DF186C98C100288932 /* Sources */,
				563C16E0186C98C100288932 /* Frameworks */,
				563C16E1186C98C100288932 /* Resources */,
			);
			buildRules = (
			);
			dependencies = (
			);
			name = Test;
			productName = Test;
			productReference = 563C16E3186C98C100288932 /* Test.app */;
			productType = "com.apple.product-type.application";
		};
		563C170B186C98C200288932 /* TestTests */ = {
			isa = PBXNativeTarget;
			buildConfigurationList = 563C1721186C98C200288932 /* Build configuration list for PBXNativeTarget "TestTests" */;
			buildPhases = (
				563C1707186C98C200288932 /* Sources */,
				563C1708186C98C200288932 /* Frameworks */,
				563C1709186C98C200288932 /* Resources */,
				563C170A186C98C200288932 /* ShellScript */,
			);
			buildRules = (
			);
			dependencies = (
				563C1712186C98C200288932 /* PBXTargetDependency */,
			);
			name = TestTests;
			productName = TestTests;
			productReference = 563C170C186C98C200288932 /* TestTests.octest */;
			productType = "com.apple.product-type.bundle";
		};
/* End PBXNativeTarget section */

/* Begin PBXProject section */
		563C16DB186C98C100288932 /* Project object */ = {
			isa = PBXProject;
			attributes = {
				CLASSPREFIX = Sun;
				LastUpgradeCheck = 0460;
				ORGANIZATIONNAME = "Sunil Kumar Yadav";
			};
			buildConfigurationList = 563C16DE186C98C100288932 /* Build configuration list for PBXProject "Test" */;
			compatibilityVersion = "Xcode 3.2";
			developmentRegion = English;
			hasScannedForEncodings = 0;
			knownRegions = (
				en,
			);
			mainGroup = 563C16DA186C98C100288932;
			productRefGroup = 563C16E4186C98C100288932 /* Products */;
			projectDirPath = "";
			projectRoot = "";
			targets = (
				563C16E2186C98C100288932 /* Test */,
				563C170B186C98C200288932 /* TestTests */,
			);
		};
/* End PBXProject section */

/* Begin PBXResourcesBuildPhase section */
		563C16E1186C98C100288932 /* Resources */ = {
			isa = PBXResourcesBuildPhase;
			buildActionMask = 2147483647;
			files = (
				563C16F1186C98C100288932 /* InfoPlist.strings in Resources */,
				563C16F9186C98C100288932 /* Default.png in Resources */,
				563C16FB186C98C100288932 /* Default@2x.png in Resources */,
				563C16FD186C98C100288932 /* Default-568h@2x.png in Resources */,
				563C1700186C98C100288932 /* MainStoryboard_iPhone.storyboard in Resources */,
				563C1703186C98C100288932 /* MainStoryboard_iPad.storyboard in Resources */,
			);
			runOnlyForDeploymentPostprocessing = 0;
		};
		563C1709186C98C200288932 /* Resources */ = {
			isa = PBXResourcesBuildPhase;
			buildActionMask = 2147483647;
			files = (
				563C1718186C98C200288932 /* InfoPlist.strings in Resources */,
			);
			runOnlyForDeploymentPostprocessing = 0;
		};
/* End PBXResourcesBuildPhase section */

/* Begin PBXShellScriptBuildPhase section */
		563C170A186C98C200288932 /* ShellScript */ = {
			isa = PBXShellScriptBuildPhase;
			buildActionMask = 2147483647;
			files = (
			);
			inputPaths = (
			);
			outputPaths = (
			);
			runOnlyForDeploymentPostprocessing = 0;
			shellPath = /bin/sh;
			shellScript = "# Run the unit tests in this test bundle.\n\"${SYSTEM_DEVELOPER_DIR}/Tools/RunUnitTests\"\n";
		};
/* End PBXShellScriptBuildPhase section */

/* Begin PBXSourcesBuildPhase section */
		563C16DF186C98C100288932 /* Sources */ = {
			isa = PBXSourcesBuildPhase;
			buildActionMask = 2147483647;
			files = (
				563C16F3186C98C100288932 /* main.m in Sources */,
				563C16F7186C98C100288932 /* SunAppDelegate.m in Sources */,
				563C1706186C98C100288932 /* SunViewController.m in Sources */,
			);
			runOnlyForDeploymentPostprocessing = 0;
		};
		563C1707186C98C200288932 /* Sources */ = {
			isa = PBXSourcesBuildPhase;
			buildActionMask = 2147483647;
			files = (
				563C171B186C98C200288932 /* TestTests.m in Sources */,
			);
			runOnlyForDeploymentPostprocessing = 0;
		};
/* End PBXSourcesBuildPhase section */

/* Begin PBXTargetDependency section */
		563C1712186C98C200288932 /* PBXTargetDependency */ = {
			isa = PBXTargetDependency;
			target = 563C16E2186C98C100288932 /* Test */;
			targetProxy = 563C1711186C98C200288932 /* PBXContainerItemProxy */;
		};
/* End PBXTargetDependency section */

/* Begin PBXVariantGroup section */
		563C16EF186C98C100288932 /* InfoPlist.strings */ = {
			isa = PBXVariantGroup;
			children = (
				563C16F0186C98C100288932 /* en */,
			);
			name = InfoPlist.strings;
			sourceTree = "<group>";
		};
		563C16FE186C98C100288932 /* MainStoryboard_iPhone.storyboard */ = {
			isa = PBXVariantGroup;
			children = (
				563C16FF186C98C100288932 /* en */,
			);
			name = MainStoryboard_iPhone.storyboard;
			sourceTree = "<group>";
		};
		563C1701186C98C100288932 /* MainStoryboard_iPad.storyboard */ = {
			isa = PBXVariantGroup;
			children = (
				563C1702186C98C100288932 /* en */,
			);
			name = MainStoryboard_iPad.storyboard;
			sourceTree = "<group>";
		};
		563C1716186C98C200288932 /* InfoPlist.strings */ = {
			isa = PBXVariantGroup;
			children = (
				563C1717186C98C200288932 /* en */,
			);
			name = InfoPlist.strings;
			sourceTree = "<group>";
		};
/* End PBXVariantGroup section */

/* Begin XCBuildConfiguration section */
		563C171C186C98C200288932 /* Debug */ = {
			isa = XCBuildConfiguration;
			buildSettings = {
				ALWAYS_SEARCH_USER_PATHS = NO;
				CLANG_CXX_LANGUAGE_STANDARD = "gnu++0x";
				CLANG_CXX_LIBRARY = "libc++";
				CLANG_ENABLE_OBJC_ARC = YES;
				CLANG_WARN_CONSTANT_CONVERSION = YES;
				CLANG_WARN_EMPTY_BODY = YES;
				CLANG_WARN_ENUM_CONVERSION = YES;
				CLANG_WARN_INT_CONVERSION = YES;
				CLANG_WARN__DUPLICATE_METHOD_MATCH = YES;
				"CODE_SIGN_IDENTITY[sdk=iphoneos*]" = "iPhone Developer";
				COPY_PHASE_STRIP = NO;
				GCC_C_LANGUAGE_STANDARD = gnu99;
				GCC_DYNAMIC_NO_PIC = NO;
				GCC_OPTIMIZATION_LEVEL = 0;
				GCC_PREPROCESSOR_DEFINITIONS = (
					"DEBUG=1",
					"$(inherited)",
				);
				GCC_SYMBOLS_PRIVATE_EXTERN = NO;
				GCC_WARN_ABOUT_RETURN_TYPE = YES;
				GCC_WARN_UNINITIALIZED_AUTOS = YES;
				GCC_WARN_UNUSED_VARIABLE = YES;
				IPHONEOS_DEPLOYMENT_TARGET = 6.1;
				ONLY_ACTIVE_ARCH = YES;
				SDKROOT = iphoneos;
				TARGETED_DEVICE_FAMILY = "1,2";
			};
			name = Debug;
		};
		563C171D186C98C200288932 /* Release */ = {
			isa = XCBuildConfiguration;
			buildSettings = {
				ALWAYS_SEARCH_USER_PATHS = NO;
				CLANG_CXX_LANGUAGE_STANDARD = "gnu++0x";
				CLANG_CXX_LIBRARY = "libc++";
				CLANG_ENABLE_OBJC_ARC = YES;
				CLANG_WARN_CONSTANT_CONVERSION = YES;
				CLANG_WARN_EMPTY_BODY = YES;
				CLANG_WARN_ENUM_CONVERSION = YES;
				CLANG_WARN_INT_CONVERSION = YES;
				CLANG_WARN__DUPLICATE_METHOD_MATCH = YES;
				"CODE_SIGN_IDENTITY[sdk=iphoneos*]" = "iPhone Developer";
				COPY_PHASE_STRIP = YES;
				GCC_C_LANGUAGE_STANDARD = gnu99;
				GCC_WARN_ABOUT_RETURN_TYPE = YES;
				GCC_WARN_UNINITIALIZED_AUTOS = YES;
				GCC_WARN_UNUSED_VARIABLE = YES;
				IPHONEOS_DEPLOYMENT_TARGET = 6.1;
				OTHER_CFLAGS = "-DNS_BLOCK_ASSERTIONS=1";
				SDKROOT = iphoneos;
				TARGETED_DEVICE_FAMILY = "1,2";
				VALIDATE_PRODUCT = YES;
			};
			name = Release;
		};
		563C171F186C98C200288932 /* Debug */ = {
			isa = XCBuildConfiguration;
			buildSettings = {
				GCC_PRECOMPILE_PREFIX_HEADER = YES;
				GCC_PREFIX_HEADER = "Test/Test-Prefix.pch";
				INFOPLIST_FILE = "Test/Test-Info.plist";
				PRODUCT_NAME = "$(TARGET_NAME)";
				WRAPPER_EXTENSION = app;
			};
			name = Debug;
		};
		563C1720186C98C200288932 /* Release */ = {
			isa = XCBuildConfiguration;
			buildSettings = {
				GCC_PRECOMPILE_PREFIX_HEADER = YES;
				GCC_PREFIX_HEADER = "Test/Test-Prefix.pch";
				INFOPLIST_FILE = "Test/Test-Info.plist";
				PRODUCT_NAME = "$(TARGET_NAME)";
				WRAPPER_EXTENSION = app;
			};
			name = Release;
		};
		563C1722186C98C200288932 /* Debug */ = {
			isa = XCBuildConfiguration;
			buildSettings = {
				BUNDLE_LOADER = "$(BUILT_PRODUCTS_DIR)/Test.app/Test";
				FRAMEWORK_SEARCH_PATHS = (
					"\"$(SDKROOT)/Developer/Library/Frameworks\"",
					"\"$(DEVELOPER_LIBRARY_DIR)/Frameworks\"",
				);
				GCC_PRECOMPILE_PREFIX_HEADER = YES;
				GCC_PREFIX_HEADER = "Test/Test-Prefix.pch";
				INFOPLIST_FILE = "TestTests/TestTests-Info.plist";
				PRODUCT_NAME = "$(TARGET_NAME)";
				TEST_HOST = "$(BUNDLE_LOADER)";
				WRAPPER_EXTENSION = octest;
			};
			name = Debug;
		};
		563C1723186C98C200288932 /* Release */ = {
			isa = XCBuildConfiguration;
			buildSettings = {
				BUNDLE_LOADER = "$(BUILT_PRODUCTS_DIR)/Test.app/Test";
				FRAMEWORK_SEARCH_PATHS = (
					"\"$(SDKROOT)/Developer/Library/Frameworks\"",
					"\"$(DEVELOPER_LIBRARY_DIR)/Frameworks\"",
				);
				GCC_PRECOMPILE_PREFIX_HEADER = YES;
				GCC_PREFIX_HEADER = "Test/Test-Prefix.pch";
				INFOPLIST_FILE = "TestTests/TestTests-Info.plist";
				PRODUCT_NAME = "$(TARGET_NAME)";
				TEST_HOST = "$(BUNDLE_LOADER)";
				WRAPPER_EXTENSION = octest;
			};
			name = Release;
		};
/* End XCBuildConfiguration section */

/* Begin XCConfigurationList section */
		563C16DE186C98C100288932 /* Build configuration list for PBXProject "Test" */ = {
			isa = XCConfigurationList;
			buildConfigurations = (
				563C171C186C98C200288932 /* Debug */,
				563C171D186C98C200288932 /* Release */,
			);
			defaultConfigurationIsVisible = 0;
			defaultConfigurationName = Release;
		};
		563C171E186C98C200288932 /* Build configuration list for PBXNativeTarget "Test" */ = {
			isa = XCConfigurationList;
			buildConfigurations = (
				563C171F186C98C200288932 /* Debug */,
				563C1720186C98C200288932 /* Release */,
			);
			defaultConfigurationIsVisible = 0;
		};
		563C1721186C98C200288932 /* Build configuration list for PBXNativeTarget "TestTests" */ = {
			isa = XCConfigurationList;
			buildConfigurations = (
				563C1722186C98C200288932 /* Debug */,
				563C1723186C98C200288932 /* Release */,
			);
			defaultConfigurationIsVisible = 0;
		};
/* End XCConfigurationList section */
	};
	rootObject = 563C16DB186C98C100288932 /* Project object */;
}
